
Microsoft Visual Studio Solution File, Format Version 12.00
# Visual Studio Version 17
VisualStudioVersion = 17.1.32421.90
MinimumVisualStudioVersion = 10.0.40219.1
Project("{9A19103F-16F7-4668-BE54-9A1E7A4F7556}") = "Summator", "Sommator\Summator.csproj", "{3A7D7B99-2A20-489C-893F-96F81C2E189A}"
EndProject
Project("{FAE04EC0-301F-11D3-BF4B-00C04F79EFBC}") = "Summator.Tests", "Summari.Tests\Summator.Tests.csproj", "{93904A2B-F1DD-45DC-94A7-AC015801252C}"
EndProject
Global
	GlobalSection(SolutionConfigurationPlatforms) = preSolution
		Debug|Any CPU = Debug|Any CPU
		Release|Any CPU = Release|Any CPU
	EndGlobalSection
	GlobalSection(ProjectConfigurationPlatforms) = postSolution
		{3A7D7B99-2A20-489C-893F-96F81C2E189A}.Debug|Any CPU.ActiveCfg = Debug|Any CPU
		{3A7D7B99-2A20-489C-893F-96F81C2E189A}.Debug|Any CPU.Build.0 = Debug|Any CPU
		{3A7D7B99-2A20-489C-893F-96F81C2E189A}.Release|Any CPU.ActiveCfg = Release|Any CPU
		{3A7D7B99-2A20-489C-893F-96F81C2E189A}.Release|Any CPU.Build.0 = Release|Any CPU
		{93904A2B-F1DD-45DC-94A7-AC015801252C}.Debug|Any CPU.ActiveCfg = Debug|Any CPU
		{93904A2B-F1DD-45DC-94A7-AC015801252C}.Debug|Any CPU.Build.0 = Debug|Any CPU
		{93904A2B-F1DD-45DC-94A7-AC015801252C}.Release|Any CPU.ActiveCfg = Release|Any CPU
		{93904A2B-F1DD-45DC-94A7-AC015801252C}.Release|Any CPU.Build.0 = Release|Any CPU
	EndGlobalSection
	GlobalSection(SolutionProperties) = preSolution
		HideSolutionNode = FALSE
	EndGlobalSection
	GlobalSection(ExtensibilityGlobals) = postSolution
		SolutionGuid = {5EC38A75-61A5-4B38-A908-F9960D6E89FA}
	EndGlobalSection
EndGlobal
